{
    "version": 3,
    "terraform_version": "0.11.13",
    "serial": 2,
    "lineage": "d3688736-411e-909c-53c3-e822d5b09e52",
    "modules": [
        {
            "path": [
                "root"
            ],
            "outputs": {
                "alb_hostname": {
                    "sensitive": false,
                    "type": "string",
                    "value": "cb-load-balancer-702946282.ap-south-1.elb.amazonaws.com"
                }
            },
            "resources": {
                "aws_alb.main": {
                    "type": "aws_alb",
                    "depends_on": [
                        "aws_security_group.lb",
                        "aws_subnet.public.*"
                    ],
                    "primary": {
                        "id": "arn:aws:elasticloadbalancing:ap-south-1:466656060838:loadbalancer/app/cb-load-balancer/05f7be08111bd628",
                        "attributes": {
                            "access_logs.#": "1",
                            "access_logs.0.bucket": "",
                            "access_logs.0.enabled": "false",
                            "access_logs.0.prefix": "",
                            "arn": "arn:aws:elasticloadbalancing:ap-south-1:466656060838:loadbalancer/app/cb-load-balancer/05f7be08111bd628",
                            "arn_suffix": "app/cb-load-balancer/05f7be08111bd628",
                            "dns_name": "cb-load-balancer-702946282.ap-south-1.elb.amazonaws.com",
                            "enable_deletion_protection": "false",
                            "enable_http2": "true",
                            "id": "arn:aws:elasticloadbalancing:ap-south-1:466656060838:loadbalancer/app/cb-load-balancer/05f7be08111bd628",
                            "idle_timeout": "60",
                            "internal": "false",
                            "ip_address_type": "ipv4",
                            "load_balancer_type": "application",
                            "name": "cb-load-balancer",
                            "security_groups.#": "1",
                            "security_groups.1106006324": "sg-03ae2132a76491886",
                            "subnet_mapping.#": "2",
                            "subnet_mapping.3067266788.allocation_id": "",
                            "subnet_mapping.3067266788.subnet_id": "subnet-08a9e5d147d6bb8d8",
                            "subnet_mapping.620179202.allocation_id": "",
                            "subnet_mapping.620179202.subnet_id": "subnet-0db3a537dfe682a13",
                            "subnets.#": "2",
                            "subnets.1290196216": "subnet-0db3a537dfe682a13",
                            "subnets.3145836852": "subnet-08a9e5d147d6bb8d8",
                            "tags.%": "0",
                            "vpc_id": "vpc-066af0903e292acac",
                            "zone_id": "ZP97RAFLXTNZK"
                        },
                        "meta": {
                            "e2bfb730-ecaa-11e6-8f88-34363bc7c4c0": {
                                "create": 600000000000,
                                "delete": 600000000000,
                                "update": 600000000000
                            }
                        },
                        "tainted": false
                    },
                    "deposed": [],
                    "provider": "provider.aws"
                },
                "aws_alb_listener.front_end": {
                    "type": "aws_alb_listener",
                    "depends_on": [
                        "aws_alb.main",
                        "aws_alb_target_group.app"
                    ],
                    "primary": {
                        "id": "arn:aws:elasticloadbalancing:ap-south-1:466656060838:listener/app/cb-load-balancer/05f7be08111bd628/f8cf933be9523079",
                        "attributes": {
                            "arn": "arn:aws:elasticloadbalancing:ap-south-1:466656060838:listener/app/cb-load-balancer/05f7be08111bd628/f8cf933be9523079",
                            "default_action.#": "1",
                            "default_action.0.authenticate_cognito.#": "0",
                            "default_action.0.authenticate_oidc.#": "0",
                            "default_action.0.fixed_response.#": "0",
                            "default_action.0.order": "1",
                            "default_action.0.redirect.#": "0",
                            "default_action.0.target_group_arn": "arn:aws:elasticloadbalancing:ap-south-1:466656060838:targetgroup/cb-target-group/41d884336d9d1725",
                            "default_action.0.type": "forward",
                            "id": "arn:aws:elasticloadbalancing:ap-south-1:466656060838:listener/app/cb-load-balancer/05f7be08111bd628/f8cf933be9523079",
                            "load_balancer_arn": "arn:aws:elasticloadbalancing:ap-south-1:466656060838:loadbalancer/app/cb-load-balancer/05f7be08111bd628",
                            "port": "3000",
                            "protocol": "HTTP",
                            "ssl_policy": ""
                        },
                        "meta": {
                            "e2bfb730-ecaa-11e6-8f88-34363bc7c4c0": {
                                "read": 600000000000
                            }
                        },
                        "tainted": false
                    },
                    "deposed": [],
                    "provider": "provider.aws"
                },
                "aws_alb_target_group.app": {
                    "type": "aws_alb_target_group",
                    "depends_on": [
                        "aws_vpc.main"
                    ],
                    "primary": {
                        "id": "arn:aws:elasticloadbalancing:ap-south-1:466656060838:targetgroup/cb-target-group/41d884336d9d1725",
                        "attributes": {
                            "arn": "arn:aws:elasticloadbalancing:ap-south-1:466656060838:targetgroup/cb-target-group/41d884336d9d1725",
                            "arn_suffix": "targetgroup/cb-target-group/41d884336d9d1725",
                            "deregistration_delay": "300",
                            "health_check.#": "1",
                            "health_check.0.enabled": "true",
                            "health_check.0.healthy_threshold": "3",
                            "health_check.0.interval": "30",
                            "health_check.0.matcher": "200",
                            "health_check.0.path": "/",
                            "health_check.0.port": "traffic-port",
                            "health_check.0.protocol": "HTTP",
                            "health_check.0.timeout": "3",
                            "health_check.0.unhealthy_threshold": "2",
                            "id": "arn:aws:elasticloadbalancing:ap-south-1:466656060838:targetgroup/cb-target-group/41d884336d9d1725",
                            "lambda_multi_value_headers_enabled": "false",
                            "name": "cb-target-group",
                            "port": "80",
                            "protocol": "HTTP",
                            "proxy_protocol_v2": "false",
                            "slow_start": "0",
                            "stickiness.#": "1",
                            "stickiness.0.cookie_duration": "86400",
                            "stickiness.0.enabled": "false",
                            "stickiness.0.type": "lb_cookie",
                            "tags.%": "0",
                            "target_type": "ip",
                            "vpc_id": "vpc-066af0903e292acac"
                        },
                        "meta": {},
                        "tainted": false
                    },
                    "deposed": [],
                    "provider": "provider.aws"
                },
                "aws_appautoscaling_policy.down": {
                    "type": "aws_appautoscaling_policy",
                    "depends_on": [
                        "aws_appautoscaling_target.target",
                        "aws_ecs_cluster.main",
                        "aws_ecs_service.main"
                    ],
                    "primary": {
                        "id": "cb_scale_down",
                        "attributes": {
                            "alarms.#": "0",
                            "arn": "arn:aws:autoscaling:ap-south-1:466656060838:scalingPolicy:dc842120-61a1-458e-b072-21003c684509:resource/ecs/service/cb-cluster/cb-service:policyName/cb_scale_down",
                            "id": "cb_scale_down",
                            "name": "cb_scale_down",
                            "policy_type": "StepScaling",
                            "resource_id": "service/cb-cluster/cb-service",
                            "scalable_dimension": "ecs:service:DesiredCount",
                            "service_namespace": "ecs",
                            "step_scaling_policy_configuration.#": "1",
                            "step_scaling_policy_configuration.0.adjustment_type": "ChangeInCapacity",
                            "step_scaling_policy_configuration.0.cooldown": "60",
                            "step_scaling_policy_configuration.0.metric_aggregation_type": "Maximum",
                            "step_scaling_policy_configuration.0.min_adjustment_magnitude": "0",
                            "step_scaling_policy_configuration.0.step_adjustment.#": "1",
                            "step_scaling_policy_configuration.0.step_adjustment.453260054.metric_interval_lower_bound": "0",
                            "step_scaling_policy_configuration.0.step_adjustment.453260054.metric_interval_upper_bound": "",
                            "step_scaling_policy_configuration.0.step_adjustment.453260054.scaling_adjustment": "-1",
                            "target_tracking_scaling_policy_configuration.#": "0"
                        },
                        "meta": {},
                        "tainted": false
                    },
                    "deposed": [],
                    "provider": "provider.aws"
                },
                "aws_appautoscaling_policy.up": {
                    "type": "aws_appautoscaling_policy",
                    "depends_on": [
                        "aws_appautoscaling_target.target",
                        "aws_ecs_cluster.main",
                        "aws_ecs_service.main"
                    ],
                    "primary": {
                        "id": "cb_scale_up",
                        "attributes": {
                            "alarms.#": "0",
                            "arn": "arn:aws:autoscaling:ap-south-1:466656060838:scalingPolicy:dc842120-61a1-458e-b072-21003c684509:resource/ecs/service/cb-cluster/cb-service:policyName/cb_scale_up",
                            "id": "cb_scale_up",
                            "name": "cb_scale_up",
                            "policy_type": "StepScaling",
                            "resource_id": "service/cb-cluster/cb-service",
                            "scalable_dimension": "ecs:service:DesiredCount",
                            "service_namespace": "ecs",
                            "step_scaling_policy_configuration.#": "1",
                            "step_scaling_policy_configuration.0.adjustment_type": "ChangeInCapacity",
                            "step_scaling_policy_configuration.0.cooldown": "60",
                            "step_scaling_policy_configuration.0.metric_aggregation_type": "Maximum",
                            "step_scaling_policy_configuration.0.min_adjustment_magnitude": "0",
                            "step_scaling_policy_configuration.0.step_adjustment.#": "1",
                            "step_scaling_policy_configuration.0.step_adjustment.207530251.metric_interval_lower_bound": "0",
                            "step_scaling_policy_configuration.0.step_adjustment.207530251.metric_interval_upper_bound": "",
                            "step_scaling_policy_configuration.0.step_adjustment.207530251.scaling_adjustment": "1",
                            "target_tracking_scaling_policy_configuration.#": "0"
                        },
                        "meta": {},
                        "tainted": false
                    },
                    "deposed": [],
                    "provider": "provider.aws"
                },
                "aws_appautoscaling_target.target": {
                    "type": "aws_appautoscaling_target",
                    "depends_on": [
                        "aws_ecs_cluster.main",
                        "aws_ecs_service.main"
                    ],
                    "primary": {
                        "id": "service/cb-cluster/cb-service",
                        "attributes": {
                            "id": "service/cb-cluster/cb-service",
                            "max_capacity": "6",
                            "min_capacity": "3",
                            "resource_id": "service/cb-cluster/cb-service",
                            "role_arn": "arn:aws:iam::466656060838:role/aws-service-role/ecs.application-autoscaling.amazonaws.com/AWSServiceRoleForApplicationAutoScaling_ECSService",
                            "scalable_dimension": "ecs:service:DesiredCount",
                            "service_namespace": "ecs"
                        },
                        "meta": {},
                        "tainted": false
                    },
                    "deposed": [],
                    "provider": "provider.aws"
                },
                "aws_cloudwatch_log_group.cb_log_group": {
                    "type": "aws_cloudwatch_log_group",
                    "depends_on": [],
                    "primary": {
                        "id": "/ecs/cb-app",
                        "attributes": {
                            "arn": "arn:aws:logs:ap-south-1:466656060838:log-group:/ecs/cb-app:*",
                            "id": "/ecs/cb-app",
                            "kms_key_id": "",
                            "name": "/ecs/cb-app",
                            "retention_in_days": "30",
                            "tags.%": "1",
                            "tags.Name": "cb-log-group"
                        },
                        "meta": {},
                        "tainted": false
                    },
                    "deposed": [],
                    "provider": "provider.aws"
                },
                "aws_cloudwatch_log_stream.cb_log_stream": {
                    "type": "aws_cloudwatch_log_stream",
                    "depends_on": [
                        "aws_cloudwatch_log_group.cb_log_group"
                    ],
                    "primary": {
                        "id": "cb-log-stream",
                        "attributes": {
                            "arn": "arn:aws:logs:ap-south-1:466656060838:log-group:/ecs/cb-app:log-stream:cb-log-stream",
                            "id": "cb-log-stream",
                            "log_group_name": "/ecs/cb-app",
                            "name": "cb-log-stream"
                        },
                        "meta": {},
                        "tainted": false
                    },
                    "deposed": [],
                    "provider": "provider.aws"
                },
                "aws_cloudwatch_metric_alarm.service_cpu_high": {
                    "type": "aws_cloudwatch_metric_alarm",
                    "depends_on": [
                        "aws_appautoscaling_policy.up",
                        "aws_ecs_cluster.main",
                        "aws_ecs_service.main"
                    ],
                    "primary": {
                        "id": "cb_cpu_utilization_high",
                        "attributes": {
                            "actions_enabled": "true",
                            "alarm_actions.#": "1",
                            "alarm_actions.2319227141": "arn:aws:autoscaling:ap-south-1:466656060838:scalingPolicy:dc842120-61a1-458e-b072-21003c684509:resource/ecs/service/cb-cluster/cb-service:policyName/cb_scale_up",
                            "alarm_description": "",
                            "alarm_name": "cb_cpu_utilization_high",
                            "arn": "arn:aws:cloudwatch:ap-south-1:466656060838:alarm:cb_cpu_utilization_high",
                            "comparison_operator": "GreaterThanOrEqualToThreshold",
                            "datapoints_to_alarm": "0",
                            "dimensions.%": "2",
                            "dimensions.ClusterName": "cb-cluster",
                            "dimensions.ServiceName": "cb-service",
                            "evaluate_low_sample_count_percentiles": "",
                            "evaluation_periods": "2",
                            "extended_statistic": "",
                            "id": "cb_cpu_utilization_high",
                            "insufficient_data_actions.#": "0",
                            "metric_name": "CPUUtilization",
                            "namespace": "AWS/ECS",
                            "ok_actions.#": "0",
                            "period": "60",
                            "statistic": "Average",
                            "tags.%": "0",
                            "threshold": "85",
                            "treat_missing_data": "missing",
                            "unit": ""
                        },
                        "meta": {
                            "schema_version": "1"
                        },
                        "tainted": false
                    },
                    "deposed": [],
                    "provider": "provider.aws"
                },
                "aws_cloudwatch_metric_alarm.service_cpu_low": {
                    "type": "aws_cloudwatch_metric_alarm",
                    "depends_on": [
                        "aws_appautoscaling_policy.down",
                        "aws_ecs_cluster.main",
                        "aws_ecs_service.main"
                    ],
                    "primary": {
                        "id": "cb_cpu_utilization_low",
                        "attributes": {
                            "actions_enabled": "true",
                            "alarm_actions.#": "1",
                            "alarm_actions.2161520831": "arn:aws:autoscaling:ap-south-1:466656060838:scalingPolicy:dc842120-61a1-458e-b072-21003c684509:resource/ecs/service/cb-cluster/cb-service:policyName/cb_scale_down",
                            "alarm_description": "",
                            "alarm_name": "cb_cpu_utilization_low",
                            "arn": "arn:aws:cloudwatch:ap-south-1:466656060838:alarm:cb_cpu_utilization_low",
                            "comparison_operator": "LessThanOrEqualToThreshold",
                            "datapoints_to_alarm": "0",
                            "dimensions.%": "2",
                            "dimensions.ClusterName": "cb-cluster",
                            "dimensions.ServiceName": "cb-service",
                            "evaluate_low_sample_count_percentiles": "",
                            "evaluation_periods": "2",
                            "extended_statistic": "",
                            "id": "cb_cpu_utilization_low",
                            "insufficient_data_actions.#": "0",
                            "metric_name": "CPUUtilization",
                            "namespace": "AWS/ECS",
                            "ok_actions.#": "0",
                            "period": "60",
                            "statistic": "Average",
                            "tags.%": "0",
                            "threshold": "10",
                            "treat_missing_data": "missing",
                            "unit": ""
                        },
                        "meta": {
                            "schema_version": "1"
                        },
                        "tainted": false
                    },
                    "deposed": [],
                    "provider": "provider.aws"
                },
                "aws_ecs_cluster.main": {
                    "type": "aws_ecs_cluster",
                    "depends_on": [],
                    "primary": {
                        "id": "arn:aws:ecs:ap-south-1:466656060838:cluster/cb-cluster",
                        "attributes": {
                            "arn": "arn:aws:ecs:ap-south-1:466656060838:cluster/cb-cluster",
                            "id": "arn:aws:ecs:ap-south-1:466656060838:cluster/cb-cluster",
                            "name": "cb-cluster",
                            "tags.%": "0"
                        },
                        "meta": {},
                        "tainted": false
                    },
                    "deposed": [],
                    "provider": "provider.aws"
                },
                "aws_ecs_service.main": {
                    "type": "aws_ecs_service",
                    "depends_on": [
                        "aws_alb_listener.front_end",
                        "aws_alb_target_group.app",
                        "aws_ecs_cluster.main",
                        "aws_ecs_task_definition.app",
                        "aws_security_group.ecs_tasks",
                        "aws_subnet.private.*"
                    ],
                    "primary": {
                        "id": "arn:aws:ecs:ap-south-1:466656060838:service/cb-service",
                        "attributes": {
                            "cluster": "arn:aws:ecs:ap-south-1:466656060838:cluster/cb-cluster",
                            "deployment_controller.#": "1",
                            "deployment_controller.0.type": "ECS",
                            "deployment_maximum_percent": "200",
                            "deployment_minimum_healthy_percent": "100",
                            "desired_count": "3",
                            "enable_ecs_managed_tags": "false",
                            "health_check_grace_period_seconds": "0",
                            "iam_role": "aws-service-role",
                            "id": "arn:aws:ecs:ap-south-1:466656060838:service/cb-service",
                            "launch_type": "FARGATE",
                            "load_balancer.#": "1",
                            "load_balancer.778476385.container_name": "cb-app",
                            "load_balancer.778476385.container_port": "8080",
                            "load_balancer.778476385.elb_name": "",
                            "load_balancer.778476385.target_group_arn": "arn:aws:elasticloadbalancing:ap-south-1:466656060838:targetgroup/cb-target-group/41d884336d9d1725",
                            "name": "cb-service",
                            "network_configuration.#": "1",
                            "network_configuration.0.assign_public_ip": "true",
                            "network_configuration.0.security_groups.#": "1",
                            "network_configuration.0.security_groups.2832416096": "sg-05b43981acffb5f79",
                            "network_configuration.0.subnets.#": "2",
                            "network_configuration.0.subnets.1595341793": "subnet-06f120c40f42e8543",
                            "network_configuration.0.subnets.68675622": "subnet-0b6b4c956bb751b6d",
                            "ordered_placement_strategy.#": "0",
                            "placement_constraints.#": "0",
                            "placement_strategy.#": "0",
                            "platform_version": "LATEST",
                            "propagate_tags": "NONE",
                            "scheduling_strategy": "REPLICA",
                            "service_registries.#": "0",
                            "tags.%": "0",
                            "task_definition": "arn:aws:ecs:ap-south-1:466656060838:task-definition/cb-app-task:1"
                        },
                        "meta": {},
                        "tainted": false
                    },
                    "deposed": [],
                    "provider": "provider.aws"
                },
                "aws_ecs_task_definition.app": {
                    "type": "aws_ecs_task_definition",
                    "depends_on": [
                        "data.template_file.cb_app"
                    ],
                    "primary": {
                        "id": "cb-app-task",
                        "attributes": {
                            "arn": "arn:aws:ecs:ap-south-1:466656060838:task-definition/cb-app-task:1",
                            "container_definitions": "[{\"cpu\":1024,\"environment\":[],\"essential\":true,\"image\":\"google/golang-hello\",\"logConfiguration\":{\"logDriver\":\"awslogs\",\"options\":{\"awslogs-group\":\"/ecs/cb-app\",\"awslogs-region\":\"ap-south-1\",\"awslogs-stream-prefix\":\"ecs\"}},\"memory\":2048,\"mountPoints\":[],\"name\":\"cb-app\",\"portMappings\":[{\"containerPort\":8080,\"hostPort\":8080,\"protocol\":\"tcp\"}],\"volumesFrom\":[]}]",
                            "cpu": "1024",
                            "execution_role_arn": "arn:aws:iam::466656060838:role/ecsTaskExecutionRole",
                            "family": "cb-app-task",
                            "id": "cb-app-task",
                            "memory": "2048",
                            "network_mode": "awsvpc",
                            "placement_constraints.#": "0",
                            "requires_compatibilities.#": "1",
                            "requires_compatibilities.3072437307": "FARGATE",
                            "revision": "1",
                            "tags.%": "0",
                            "task_role_arn": "",
                            "volume.#": "0"
                        },
                        "meta": {
                            "schema_version": "1"
                        },
                        "tainted": false
                    },
                    "deposed": [],
                    "provider": "provider.aws"
                },
                "aws_eip.gw.0": {
                    "type": "aws_eip",
                    "depends_on": [
                        "aws_internet_gateway.gw"
                    ],
                    "primary": {
                        "id": "eipalloc-0540e393aff763e26",
                        "attributes": {
                            "association_id": "",
                            "domain": "vpc",
                            "id": "eipalloc-0540e393aff763e26",
                            "instance": "",
                            "network_interface": "",
                            "private_ip": "",
                            "public_dns": "ec2-35-154-158-92.ap-south-1.compute.amazonaws.com",
                            "public_ip": "35.154.158.92",
                            "public_ipv4_pool": "amazon",
                            "tags.%": "0",
                            "vpc": "true"
                        },
                        "meta": {
                            "e2bfb730-ecaa-11e6-8f88-34363bc7c4c0": {
                                "delete": 180000000000,
                                "read": 900000000000,
                                "update": 300000000000
                            }
                        },
                        "tainted": false
                    },
                    "deposed": [],
                    "provider": "provider.aws"
                },
                "aws_eip.gw.1": {
                    "type": "aws_eip",
                    "depends_on": [
                        "aws_internet_gateway.gw"
                    ],
                    "primary": {
                        "id": "eipalloc-0d9d177bb3b400f13",
                        "attributes": {
                            "association_id": "",
                            "domain": "vpc",
                            "id": "eipalloc-0d9d177bb3b400f13",
                            "instance": "",
                            "network_interface": "",
                            "private_ip": "",
                            "public_dns": "ec2-13-127-131-250.ap-south-1.compute.amazonaws.com",
                            "public_ip": "13.127.131.250",
                            "public_ipv4_pool": "amazon",
                            "tags.%": "0",
                            "vpc": "true"
                        },
                        "meta": {
                            "e2bfb730-ecaa-11e6-8f88-34363bc7c4c0": {
                                "delete": 180000000000,
                                "read": 900000000000,
                                "update": 300000000000
                            }
                        },
                        "tainted": false
                    },
                    "deposed": [],
                    "provider": "provider.aws"
                },
                "aws_internet_gateway.gw": {
                    "type": "aws_internet_gateway",
                    "depends_on": [
                        "aws_vpc.main"
                    ],
                    "primary": {
                        "id": "igw-011636933a23a2993",
                        "attributes": {
                            "id": "igw-011636933a23a2993",
                            "owner_id": "466656060838",
                            "tags.%": "0",
                            "vpc_id": "vpc-066af0903e292acac"
                        },
                        "meta": {},
                        "tainted": false
                    },
                    "deposed": [],
                    "provider": "provider.aws"
                },
                "aws_nat_gateway.gw.0": {
                    "type": "aws_nat_gateway",
                    "depends_on": [
                        "aws_eip.gw.*",
                        "aws_subnet.public.*"
                    ],
                    "primary": {
                        "id": "nat-0256b56878975adeb",
                        "attributes": {
                            "allocation_id": "eipalloc-0540e393aff763e26",
                            "id": "nat-0256b56878975adeb",
                            "network_interface_id": "eni-09f77771f363ce372",
                            "private_ip": "172.17.2.110",
                            "public_ip": "35.154.158.92",
                            "subnet_id": "subnet-0db3a537dfe682a13",
                            "tags.%": "0"
                        },
                        "meta": {},
                        "tainted": false
                    },
                    "deposed": [],
                    "provider": "provider.aws"
                },
                "aws_nat_gateway.gw.1": {
                    "type": "aws_nat_gateway",
                    "depends_on": [
                        "aws_eip.gw.*",
                        "aws_subnet.public.*"
                    ],
                    "primary": {
                        "id": "nat-05dbfc4edf044a65e",
                        "attributes": {
                            "allocation_id": "eipalloc-0d9d177bb3b400f13",
                            "id": "nat-05dbfc4edf044a65e",
                            "network_interface_id": "eni-0a8b362551d366fe4",
                            "private_ip": "172.17.3.110",
                            "public_ip": "13.127.131.250",
                            "subnet_id": "subnet-08a9e5d147d6bb8d8",
                            "tags.%": "0"
                        },
                        "meta": {},
                        "tainted": false
                    },
                    "deposed": [],
                    "provider": "provider.aws"
                },
                "aws_route.internet_access": {
                    "type": "aws_route",
                    "depends_on": [
                        "aws_internet_gateway.gw",
                        "aws_vpc.main"
                    ],
                    "primary": {
                        "id": "r-rtb-01fd9143729b0b9bc1080289494",
                        "attributes": {
                            "destination_cidr_block": "0.0.0.0/0",
                            "destination_prefix_list_id": "",
                            "egress_only_gateway_id": "",
                            "gateway_id": "igw-011636933a23a2993",
                            "id": "r-rtb-01fd9143729b0b9bc1080289494",
                            "instance_id": "",
                            "instance_owner_id": "",
                            "nat_gateway_id": "",
                            "network_interface_id": "",
                            "origin": "CreateRoute",
                            "route_table_id": "rtb-01fd9143729b0b9bc",
                            "state": "active",
                            "transit_gateway_id": "",
                            "vpc_peering_connection_id": ""
                        },
                        "meta": {
                            "e2bfb730-ecaa-11e6-8f88-34363bc7c4c0": {
                                "create": 120000000000,
                                "delete": 300000000000
                            }
                        },
                        "tainted": false
                    },
                    "deposed": [],
                    "provider": "provider.aws"
                },
                "aws_route_table.private.0": {
                    "type": "aws_route_table",
                    "depends_on": [
                        "aws_nat_gateway.gw.*",
                        "aws_vpc.main"
                    ],
                    "primary": {
                        "id": "rtb-08a3e32311f94f4c0",
                        "attributes": {
                            "id": "rtb-08a3e32311f94f4c0",
                            "owner_id": "466656060838",
                            "propagating_vgws.#": "0",
                            "route.#": "1",
                            "route.4252509943.cidr_block": "0.0.0.0/0",
                            "route.4252509943.egress_only_gateway_id": "",
                            "route.4252509943.gateway_id": "",
                            "route.4252509943.instance_id": "",
                            "route.4252509943.ipv6_cidr_block": "",
                            "route.4252509943.nat_gateway_id": "nat-0256b56878975adeb",
                            "route.4252509943.network_interface_id": "",
                            "route.4252509943.transit_gateway_id": "",
                            "route.4252509943.vpc_peering_connection_id": "",
                            "tags.%": "0",
                            "vpc_id": "vpc-066af0903e292acac"
                        },
                        "meta": {},
                        "tainted": false
                    },
                    "deposed": [],
                    "provider": "provider.aws"
                },
                "aws_route_table.private.1": {
                    "type": "aws_route_table",
                    "depends_on": [
                        "aws_nat_gateway.gw.*",
                        "aws_vpc.main"
                    ],
                    "primary": {
                        "id": "rtb-0ee3dd59fc52ac1a6",
                        "attributes": {
                            "id": "rtb-0ee3dd59fc52ac1a6",
                            "owner_id": "466656060838",
                            "propagating_vgws.#": "0",
                            "route.#": "1",
                            "route.910872425.cidr_block": "0.0.0.0/0",
                            "route.910872425.egress_only_gateway_id": "",
                            "route.910872425.gateway_id": "",
                            "route.910872425.instance_id": "",
                            "route.910872425.ipv6_cidr_block": "",
                            "route.910872425.nat_gateway_id": "nat-05dbfc4edf044a65e",
                            "route.910872425.network_interface_id": "",
                            "route.910872425.transit_gateway_id": "",
                            "route.910872425.vpc_peering_connection_id": "",
                            "tags.%": "0",
                            "vpc_id": "vpc-066af0903e292acac"
                        },
                        "meta": {},
                        "tainted": false
                    },
                    "deposed": [],
                    "provider": "provider.aws"
                },
                "aws_route_table_association.private.0": {
                    "type": "aws_route_table_association",
                    "depends_on": [
                        "aws_route_table.private.*",
                        "aws_subnet.private.*"
                    ],
                    "primary": {
                        "id": "rtbassoc-059c8c64420b7ae7b",
                        "attributes": {
                            "id": "rtbassoc-059c8c64420b7ae7b",
                            "route_table_id": "rtb-08a3e32311f94f4c0",
                            "subnet_id": "subnet-0b6b4c956bb751b6d"
                        },
                        "meta": {},
                        "tainted": false
                    },
                    "deposed": [],
                    "provider": "provider.aws"
                },
                "aws_route_table_association.private.1": {
                    "type": "aws_route_table_association",
                    "depends_on": [
                        "aws_route_table.private.*",
                        "aws_subnet.private.*"
                    ],
                    "primary": {
                        "id": "rtbassoc-08080c33d60036e90",
                        "attributes": {
                            "id": "rtbassoc-08080c33d60036e90",
                            "route_table_id": "rtb-0ee3dd59fc52ac1a6",
                            "subnet_id": "subnet-06f120c40f42e8543"
                        },
                        "meta": {},
                        "tainted": false
                    },
                    "deposed": [],
                    "provider": "provider.aws"
                },
                "aws_security_group.ecs_tasks": {
                    "type": "aws_security_group",
                    "depends_on": [
                        "aws_security_group.lb",
                        "aws_vpc.main"
                    ],
                    "primary": {
                        "id": "sg-05b43981acffb5f79",
                        "attributes": {
                            "arn": "arn:aws:ec2:ap-south-1:466656060838:security-group/sg-05b43981acffb5f79",
                            "description": "allow inbound access from the ALB only",
                            "egress.#": "1",
                            "egress.482069346.cidr_blocks.#": "1",
                            "egress.482069346.cidr_blocks.0": "0.0.0.0/0",
                            "egress.482069346.description": "",
                            "egress.482069346.from_port": "0",
                            "egress.482069346.ipv6_cidr_blocks.#": "0",
                            "egress.482069346.prefix_list_ids.#": "0",
                            "egress.482069346.protocol": "-1",
                            "egress.482069346.security_groups.#": "0",
                            "egress.482069346.self": "false",
                            "egress.482069346.to_port": "0",
                            "id": "sg-05b43981acffb5f79",
                            "ingress.#": "1",
                            "ingress.3012430418.cidr_blocks.#": "0",
                            "ingress.3012430418.description": "",
                            "ingress.3012430418.from_port": "8080",
                            "ingress.3012430418.ipv6_cidr_blocks.#": "0",
                            "ingress.3012430418.prefix_list_ids.#": "0",
                            "ingress.3012430418.protocol": "tcp",
                            "ingress.3012430418.security_groups.#": "1",
                            "ingress.3012430418.security_groups.1106006324": "sg-03ae2132a76491886",
                            "ingress.3012430418.self": "false",
                            "ingress.3012430418.to_port": "8080",
                            "name": "cb-ecs-tasks-security-group",
                            "owner_id": "466656060838",
                            "revoke_rules_on_delete": "false",
                            "tags.%": "0",
                            "vpc_id": "vpc-066af0903e292acac"
                        },
                        "meta": {
                            "e2bfb730-ecaa-11e6-8f88-34363bc7c4c0": {
                                "create": 600000000000,
                                "delete": 600000000000
                            },
                            "schema_version": "1"
                        },
                        "tainted": false
                    },
                    "deposed": [],
                    "provider": "provider.aws"
                },
                "aws_security_group.lb": {
                    "type": "aws_security_group",
                    "depends_on": [
                        "aws_vpc.main"
                    ],
                    "primary": {
                        "id": "sg-03ae2132a76491886",
                        "attributes": {
                            "arn": "arn:aws:ec2:ap-south-1:466656060838:security-group/sg-03ae2132a76491886",
                            "description": "controls access to the ALB",
                            "egress.#": "1",
                            "egress.482069346.cidr_blocks.#": "1",
                            "egress.482069346.cidr_blocks.0": "0.0.0.0/0",
                            "egress.482069346.description": "",
                            "egress.482069346.from_port": "0",
                            "egress.482069346.ipv6_cidr_blocks.#": "0",
                            "egress.482069346.prefix_list_ids.#": "0",
                            "egress.482069346.protocol": "-1",
                            "egress.482069346.security_groups.#": "0",
                            "egress.482069346.self": "false",
                            "egress.482069346.to_port": "0",
                            "id": "sg-03ae2132a76491886",
                            "ingress.#": "1",
                            "ingress.1994621032.cidr_blocks.#": "1",
                            "ingress.1994621032.cidr_blocks.0": "0.0.0.0/0",
                            "ingress.1994621032.description": "",
                            "ingress.1994621032.from_port": "3000",
                            "ingress.1994621032.ipv6_cidr_blocks.#": "0",
                            "ingress.1994621032.prefix_list_ids.#": "0",
                            "ingress.1994621032.protocol": "tcp",
                            "ingress.1994621032.security_groups.#": "0",
                            "ingress.1994621032.self": "false",
                            "ingress.1994621032.to_port": "3000",
                            "name": "cb-load-balancer-security-group",
                            "owner_id": "466656060838",
                            "revoke_rules_on_delete": "false",
                            "tags.%": "0",
                            "vpc_id": "vpc-066af0903e292acac"
                        },
                        "meta": {
                            "e2bfb730-ecaa-11e6-8f88-34363bc7c4c0": {
                                "create": 600000000000,
                                "delete": 600000000000
                            },
                            "schema_version": "1"
                        },
                        "tainted": false
                    },
                    "deposed": [],
                    "provider": "provider.aws"
                },
                "aws_subnet.private.0": {
                    "type": "aws_subnet",
                    "depends_on": [
                        "aws_vpc.main",
                        "data.aws_availability_zones.available"
                    ],
                    "primary": {
                        "id": "subnet-0b6b4c956bb751b6d",
                        "attributes": {
                            "arn": "arn:aws:ec2:ap-south-1:466656060838:subnet/subnet-0b6b4c956bb751b6d",
                            "assign_ipv6_address_on_creation": "false",
                            "availability_zone": "ap-south-1a",
                            "availability_zone_id": "aps1-az1",
                            "cidr_block": "172.17.0.0/24",
                            "id": "subnet-0b6b4c956bb751b6d",
                            "ipv6_cidr_block": "",
                            "ipv6_cidr_block_association_id": "",
                            "map_public_ip_on_launch": "false",
                            "owner_id": "466656060838",
                            "tags.%": "0",
                            "vpc_id": "vpc-066af0903e292acac"
                        },
                        "meta": {
                            "e2bfb730-ecaa-11e6-8f88-34363bc7c4c0": {
                                "create": 600000000000,
                                "delete": 600000000000
                            },
                            "schema_version": "1"
                        },
                        "tainted": false
                    },
                    "deposed": [],
                    "provider": "provider.aws"
                },
                "aws_subnet.private.1": {
                    "type": "aws_subnet",
                    "depends_on": [
                        "aws_vpc.main",
                        "data.aws_availability_zones.available"
                    ],
                    "primary": {
                        "id": "subnet-06f120c40f42e8543",
                        "attributes": {
                            "arn": "arn:aws:ec2:ap-south-1:466656060838:subnet/subnet-06f120c40f42e8543",
                            "assign_ipv6_address_on_creation": "false",
                            "availability_zone": "ap-south-1b",
                            "availability_zone_id": "aps1-az3",
                            "cidr_block": "172.17.1.0/24",
                            "id": "subnet-06f120c40f42e8543",
                            "ipv6_cidr_block": "",
                            "ipv6_cidr_block_association_id": "",
                            "map_public_ip_on_launch": "false",
                            "owner_id": "466656060838",
                            "tags.%": "0",
                            "vpc_id": "vpc-066af0903e292acac"
                        },
                        "meta": {
                            "e2bfb730-ecaa-11e6-8f88-34363bc7c4c0": {
                                "create": 600000000000,
                                "delete": 600000000000
                            },
                            "schema_version": "1"
                        },
                        "tainted": false
                    },
                    "deposed": [],
                    "provider": "provider.aws"
                },
                "aws_subnet.public.0": {
                    "type": "aws_subnet",
                    "depends_on": [
                        "aws_vpc.main",
                        "data.aws_availability_zones.available"
                    ],
                    "primary": {
                        "id": "subnet-0db3a537dfe682a13",
                        "attributes": {
                            "arn": "arn:aws:ec2:ap-south-1:466656060838:subnet/subnet-0db3a537dfe682a13",
                            "assign_ipv6_address_on_creation": "false",
                            "availability_zone": "ap-south-1a",
                            "availability_zone_id": "aps1-az1",
                            "cidr_block": "172.17.2.0/24",
                            "id": "subnet-0db3a537dfe682a13",
                            "ipv6_cidr_block": "",
                            "ipv6_cidr_block_association_id": "",
                            "map_public_ip_on_launch": "true",
                            "owner_id": "466656060838",
                            "tags.%": "0",
                            "vpc_id": "vpc-066af0903e292acac"
                        },
                        "meta": {
                            "e2bfb730-ecaa-11e6-8f88-34363bc7c4c0": {
                                "create": 600000000000,
                                "delete": 600000000000
                            },
                            "schema_version": "1"
                        },
                        "tainted": false
                    },
                    "deposed": [],
                    "provider": "provider.aws"
                },
                "aws_subnet.public.1": {
                    "type": "aws_subnet",
                    "depends_on": [
                        "aws_vpc.main",
                        "data.aws_availability_zones.available"
                    ],
                    "primary": {
                        "id": "subnet-08a9e5d147d6bb8d8",
                        "attributes": {
                            "arn": "arn:aws:ec2:ap-south-1:466656060838:subnet/subnet-08a9e5d147d6bb8d8",
                            "assign_ipv6_address_on_creation": "false",
                            "availability_zone": "ap-south-1b",
                            "availability_zone_id": "aps1-az3",
                            "cidr_block": "172.17.3.0/24",
                            "id": "subnet-08a9e5d147d6bb8d8",
                            "ipv6_cidr_block": "",
                            "ipv6_cidr_block_association_id": "",
                            "map_public_ip_on_launch": "true",
                            "owner_id": "466656060838",
                            "tags.%": "0",
                            "vpc_id": "vpc-066af0903e292acac"
                        },
                        "meta": {
                            "e2bfb730-ecaa-11e6-8f88-34363bc7c4c0": {
                                "create": 600000000000,
                                "delete": 600000000000
                            },
                            "schema_version": "1"
                        },
                        "tainted": false
                    },
                    "deposed": [],
                    "provider": "provider.aws"
                },
                "aws_vpc.main": {
                    "type": "aws_vpc",
                    "depends_on": [],
                    "primary": {
                        "id": "vpc-066af0903e292acac",
                        "attributes": {
                            "arn": "arn:aws:ec2:ap-south-1:466656060838:vpc/vpc-066af0903e292acac",
                            "assign_generated_ipv6_cidr_block": "false",
                            "cidr_block": "172.17.0.0/16",
                            "default_network_acl_id": "acl-0682aa50875c12889",
                            "default_route_table_id": "rtb-01fd9143729b0b9bc",
                            "default_security_group_id": "sg-0a60afddf61eb6e67",
                            "dhcp_options_id": "dopt-71494b19",
                            "enable_dns_hostnames": "false",
                            "enable_dns_support": "true",
                            "id": "vpc-066af0903e292acac",
                            "instance_tenancy": "default",
                            "ipv6_association_id": "",
                            "ipv6_cidr_block": "",
                            "main_route_table_id": "rtb-01fd9143729b0b9bc",
                            "owner_id": "466656060838",
                            "tags.%": "0"
                        },
                        "meta": {
                            "schema_version": "1"
                        },
                        "tainted": false
                    },
                    "deposed": [],
                    "provider": "provider.aws"
                },
                "data.aws_availability_zones.available": {
                    "type": "aws_availability_zones",
                    "depends_on": [],
                    "primary": {
                        "id": "2019-05-04 19:47:39.355009119 +0000 UTC",
                        "attributes": {
                            "id": "2019-05-04 19:47:39.355009119 +0000 UTC",
                            "names.#": "2",
                            "names.0": "ap-south-1a",
                            "names.1": "ap-south-1b",
                            "zone_ids.#": "2",
                            "zone_ids.0": "aps1-az1",
                            "zone_ids.1": "aps1-az3"
                        },
                        "meta": {},
                        "tainted": false
                    },
                    "deposed": [],
                    "provider": "provider.aws"
                },
                "data.template_file.cb_app": {
                    "type": "template_file",
                    "depends_on": [],
                    "primary": {
                        "id": "32d3f04ea76af90c85e2f684e5b10afd79e6a67a8b81070e7ab0f503f3b45f5c",
                        "attributes": {
                            "id": "32d3f04ea76af90c85e2f684e5b10afd79e6a67a8b81070e7ab0f503f3b45f5c",
                            "rendered": "[\n  {\n    \"name\": \"cb-app\",\n    \"image\": \"google/golang-hello\",\n    \"cpu\": 1024,\n    \"memory\": 2048,\n    \"networkMode\": \"awsvpc\",\n    \"logConfiguration\": {\n        \"logDriver\": \"awslogs\",\n        \"options\": {\n          \"awslogs-group\": \"/ecs/cb-app\",\n          \"awslogs-region\": \"ap-south-1\",\n          \"awslogs-stream-prefix\": \"ecs\"\n        }\n    },\n    \"portMappings\": [\n      {\n        \"containerPort\": 8080,\n        \"hostPort\": 8080\n      }\n    ]\n  }\n]",
                            "template": "[\n  {\n    \"name\": \"cb-app\",\n    \"image\": \"${app_image}\",\n    \"cpu\": ${fargate_cpu},\n    \"memory\": ${fargate_memory},\n    \"networkMode\": \"awsvpc\",\n    \"logConfiguration\": {\n        \"logDriver\": \"awslogs\",\n        \"options\": {\n          \"awslogs-group\": \"/ecs/cb-app\",\n          \"awslogs-region\": \"${aws_region}\",\n          \"awslogs-stream-prefix\": \"ecs\"\n        }\n    },\n    \"portMappings\": [\n      {\n        \"containerPort\": ${app_port},\n        \"hostPort\": ${app_port}\n      }\n    ]\n  }\n]",
                            "vars.%": "5",
                            "vars.app_image": "google/golang-hello",
                            "vars.app_port": "8080",
                            "vars.aws_region": "ap-south-1",
                            "vars.fargate_cpu": "1024",
                            "vars.fargate_memory": "2048"
                        },
                        "meta": {},
                        "tainted": false
                    },
                    "deposed": [],
                    "provider": "provider.template"
                }
            },
            "depends_on": []
        }
    ]
}
